
Microsoft Visual Studio Solution File, Format Version 12.00
# Visual Studio Version 16
VisualStudioVersion = 16.0.33130.400
MinimumVisualStudioVersion = 10.0.40219.1
Project("{FAE04EC0-301F-11D3-BF4B-00C04F79EFBC}") = "JWTTokenApi", "JWTTokenApi\JWTTokenApi.csproj", "{4DA0A7E1-69A0-4327-B65D-783017ADF6DA}"
EndProject
Project("{FAE04EC0-301F-11D3-BF4B-00C04F79EFBC}") = "JwtTokenDemo", "JwtTokenDemo\JwtTokenDemo.csproj", "{EB3196DA-CF8A-444D-A4AE-9E0DADB833B7}"
EndProject
Global
	GlobalSection(SolutionConfigurationPlatforms) = preSolution
		Debug|Any CPU = Debug|Any CPU
		Release|Any CPU = Release|Any CPU
	EndGlobalSection
	GlobalSection(ProjectConfigurationPlatforms) = postSolution
		{4DA0A7E1-69A0-4327-B65D-783017ADF6DA}.Debug|Any CPU.ActiveCfg = Debug|Any CPU
		{4DA0A7E1-69A0-4327-B65D-783017ADF6DA}.Debug|Any CPU.Build.0 = Debug|Any CPU
		{4DA0A7E1-69A0-4327-B65D-783017ADF6DA}.Release|Any CPU.ActiveCfg = Release|Any CPU
		{4DA0A7E1-69A0-4327-B65D-783017ADF6DA}.Release|Any CPU.Build.0 = Release|Any CPU
		{EB3196DA-CF8A-444D-A4AE-9E0DADB833B7}.Debug|Any CPU.ActiveCfg = Debug|Any CPU
		{EB3196DA-CF8A-444D-A4AE-9E0DADB833B7}.Debug|Any CPU.Build.0 = Debug|Any CPU
		{EB3196DA-CF8A-444D-A4AE-9E0DADB833B7}.Release|Any CPU.ActiveCfg = Release|Any CPU
		{EB3196DA-CF8A-444D-A4AE-9E0DADB833B7}.Release|Any CPU.Build.0 = Release|Any CPU
	EndGlobalSection
	GlobalSection(SolutionProperties) = preSolution
		HideSolutionNode = FALSE
	EndGlobalSection
	GlobalSection(ExtensibilityGlobals) = postSolution
		SolutionGuid = {1DCA13BD-5A7A-434E-84F2-B468FE6F68E5}
	EndGlobalSection
EndGlobal
